// !$*UTF8*$!
{
	archiveVersion = 1;
	classes = {
	};
	objectVersion = 50;
	objects = {

/* Begin PBXBuildFile section */
		4A2F6FE82194AA8C006F3509 /* AppDelegate.swift in Sources */ = {isa = PBXBuildFile; fileRef = 4A2F6FE72194AA8C006F3509 /* AppDelegate.swift */; };
		4A2F6FEA2194AA8C006F3509 /* SplashVC.swift in Sources */ = {isa = PBXBuildFile; fileRef = 4A2F6FE92194AA8C006F3509 /* SplashVC.swift */; };
		4A2F6FED2194AA8C006F3509 /* Splash.storyboard in Resources */ = {isa = PBXBuildFile; fileRef = 4A2F6FEB2194AA8C006F3509 /* Splash.storyboard */; };
		4A2F6FEF2194AA8D006F3509 /* Assets.xcassets in Resources */ = {isa = PBXBuildFile; fileRef = 4A2F6FEE2194AA8D006F3509 /* Assets.xcassets */; };
		4A2F6FF22194AA8D006F3509 /* LaunchScreen.storyboard in Resources */ = {isa = PBXBuildFile; fileRef = 4A2F6FF02194AA8D006F3509 /* LaunchScreen.storyboard */; };
		4A2F6FFA2194D21F006F3509 /* LocalData.swift in Sources */ = {isa = PBXBuildFile; fileRef = 4A2F6FF92194D21F006F3509 /* LocalData.swift */; };
/* End PBXBuildFile section */

/* Begin PBXFileReference section */
		4A2F6FE42194AA8C006F3509 /* Sixdegrees_Ios_V2.app */ = {isa = PBXFileReference; explicitFileType = wrapper.application; includeInIndex = 0; path = Sixdegrees_Ios_V2.app; sourceTree = BUILT_PRODUCTS_DIR; };
		4A2F6FE72194AA8C006F3509 /* AppDelegate.swift */ = {isa = PBXFileReference; lastKnownFileType = sourcecode.swift; path = AppDelegate.swift; sourceTree = "<group>"; };
		4A2F6FE92194AA8C006F3509 /* SplashVC.swift */ = {isa = PBXFileReference; lastKnownFileType = sourcecode.swift; path = SplashVC.swift; sourceTree = "<group>"; };
		4A2F6FEC2194AA8C006F3509 /* Base */ = {isa = PBXFileReference; lastKnownFileType = file.storyboard; name = Base; path = Base.lproj/Splash.storyboard; sourceTree = "<group>"; };
		4A2F6FEE2194AA8D006F3509 /* Assets.xcassets */ = {isa = PBXFileReference; lastKnownFileType = folder.assetcatalog; path = Assets.xcassets; sourceTree = "<group>"; };
		4A2F6FF12194AA8D006F3509 /* Base */ = {isa = PBXFileReference; lastKnownFileType = file.storyboard; name = Base; path = Base.lproj/LaunchScreen.storyboard; sourceTree = "<group>"; };
		4A2F6FF32194AA8D006F3509 /* Info.plist */ = {isa = PBXFileReference; lastKnownFileType = text.plist.xml; path = Info.plist; sourceTree = "<group>"; };
		4A2F6FF92194D21F006F3509 /* LocalData.swift */ = {isa = PBXFileReference; lastKnownFileType = sourcecode.swift; path = LocalData.swift; sourceTree = "<group>"; };
/* End PBXFileReference section */

/* Begin PBXFrameworksBuildPhase section */
		4A2F6FE12194AA8C006F3509 /* Frameworks */ = {
			isa = PBXFrameworksBuildPhase;
			buildActionMask = 2147483647;
			files = (
			);
			runOnlyForDeploymentPostprocessing = 0;
		};
/* End PBXFrameworksBuildPhase section */

/* Begin PBXGroup section */
		4A2F6FDB2194AA8C006F3509 = {
			isa = PBXGroup;
			children = (
				4A2F6FE62194AA8C006F3509 /* Sixdegrees_Ios_V2 */,
				4A2F6FE52194AA8C006F3509 /* Products */,
			);
			sourceTree = "<group>";
		};
		4A2F6FE52194AA8C006F3509 /* Products */ = {
			isa = PBXGroup;
			children = (
				4A2F6FE42194AA8C006F3509 /* Sixdegrees_Ios_V2.app */,
			);
			name = Products;
			sourceTree = "<group>";
		};
		4A2F6FE62194AA8C006F3509 /* Sixdegrees_Ios_V2 */ = {
			isa = PBXGroup;
			children = (
				4A2F6FE72194AA8C006F3509 /* AppDelegate.swift */,
				4A2F6FE92194AA8C006F3509 /* SplashVC.swift */,
				4A2F6FEB2194AA8C006F3509 /* Splash.storyboard */,
				4A2F6FEE2194AA8D006F3509 /* Assets.xcassets */,
				4A2F6FF02194AA8D006F3509 /* LaunchScreen.storyboard */,
				4A2F6FF32194AA8D006F3509 /* Info.plist */,
				4A2F6FF92194D21F006F3509 /* LocalData.swift */,
			);
			path = Sixdegrees_Ios_V2;
			sourceTree = "<group>";
		};
/* End PBXGroup section */

/* Begin PBXNativeTarget section */
		4A2F6FE32194AA8C006F3509 /* Sixdegrees_Ios_V2 */ = {
			isa = PBXNativeTarget;
			buildConfigurationList = 4A2F6FF62194AA8D006F3509 /* Build configuration list for PBXNativeTarget "Sixdegrees_Ios_V2" */;
			buildPhases = (
				4A2F6FE02194AA8C006F3509 /* Sources */,
				4A2F6FE12194AA8C006F3509 /* Frameworks */,
				4A2F6FE22194AA8C006F3509 /* Resources */,
			);
			buildRules = (
			);
			dependencies = (
			);
			name = Sixdegrees_Ios_V2;
			productName = Sixdegrees_Ios_V2;
			productReference = 4A2F6FE42194AA8C006F3509 /* Sixdegrees_Ios_V2.app */;
			productType = "com.apple.product-type.application";
		};
/* End PBXNativeTarget section */

/* Begin PBXProject section */
		4A2F6FDC2194AA8C006F3509 /* Project object */ = {
			isa = PBXProject;
			attributes = {
				LastSwiftUpdateCheck = 1000;
				LastUpgradeCheck = 1000;
				ORGANIZATIONNAME = "Tsai Cary";
				TargetAttributes = {
					4A2F6FE32194AA8C006F3509 = {
						CreatedOnToolsVersion = 10.0;
					};
				};
			};
			buildConfigurationList = 4A2F6FDF2194AA8C006F3509 /* Build configuration list for PBXProject "Sixdegrees_Ios_V2" */;
			compatibilityVersion = "Xcode 9.3";
			developmentRegion = en;
			hasScannedForEncodings = 0;
			knownRegions = (
				en,
				Base,
			);
			mainGroup = 4A2F6FDB2194AA8C006F3509;
			productRefGroup = 4A2F6FE52194AA8C006F3509 /* Products */;
			projectDirPath = "";
			projectRoot = "";
			targets = (
				4A2F6FE32194AA8C006F3509 /* Sixdegrees_Ios_V2 */,
			);
		};
/* End PBXProject section */

/* Begin PBXResourcesBuildPhase section */
		4A2F6FE22194AA8C006F3509 /* Resources */ = {
			isa = PBXResourcesBuildPhase;
			buildActionMask = 2147483647;
			files = (
				4A2F6FF22194AA8D006F3509 /* LaunchScreen.storyboard in Resources */,
				4A2F6FEF2194AA8D006F3509 /* Assets.xcassets in Resources */,
				4A2F6FED2194AA8C006F3509 /* Splash.storyboard in Resources */,
			);
			runOnlyForDeploymentPostprocessing = 0;
		};
/* End PBXResourcesBuildPhase section */

/* Begin PBXSourcesBuildPhase section */
		4A2F6FE02194AA8C006F3509 /* Sources */ = {
			isa = PBXSourcesBuildPhase;
			buildActionMask = 2147483647;
			files = (
				4A2F6FFA2194D21F006F3509 /* LocalData.swift in Sources */,
				4A2F6FEA2194AA8C006F3509 /* SplashVC.swift in Sources */,
				4A2F6FE82194AA8C006F3509 /* AppDelegate.swift in Sources */,
			);
			runOnlyForDeploymentPostprocessing = 0;
		};
/* End PBXSourcesBuildPhase section */

/* Begin PBXVariantGroup section */
		4A2F6FEB2194AA8C006F3509 /* Splash.storyboard */ = {
			isa = PBXVariantGroup;
			children = (
				4A2F6FEC2194AA8C006F3509 /* Base */,
			);
			name = Splash.storyboard;
			sourceTree = "<group>";
		};
		4A2F6FF02194AA8D006F3509 /* LaunchScreen.storyboard */ = {
			isa = PBXVariantGroup;
			children = (
				4A2F6FF12194AA8D006F3509 /* Base */,
			);
			name = LaunchScreen.storyboard;
			sourceTree = "<group>";
		};
/* End PBXVariantGroup section */

/* Begin XCBuildConfiguration section */
		4A2F6FF42194AA8D006F3509 /* Debug */ = {
			isa = XCBuildConfiguration;
			buildSettings = {
				ALWAYS_SEARCH_USER_PATHS = NO;
				CLANG_ANALYZER_NONNULL = YES;
				CLANG_ANALYZER_NUMBER_OBJECT_CONVERSION = YES_AGGRESSIVE;
				CLANG_CXX_LANGUAGE_STANDARD = "gnu++14";
				CLANG_CXX_LIBRARY = "libc++";
				CLANG_ENABLE_MODULES = YES;
				CLANG_ENABLE_OBJC_ARC = YES;
				CLANG_ENABLE_OBJC_WEAK = YES;
				CLANG_WARN_BLOCK_CAPTURE_AUTORELEASING = YES;
				CLANG_WARN_BOOL_CONVERSION = YES;
				CLANG_WARN_COMMA = YES;
				CLANG_WARN_CONSTANT_CONVERSION = YES;
				CLANG_WARN_DEPRECATED_OBJC_IMPLEMENTATIONS = YES;
				CLANG_WARN_DIRECT_OBJC_ISA_USAGE = YES_ERROR;
				CLANG_WARN_DOCUMENTATION_COMMENTS = YES;
				CLANG_WARN_EMPTY_BODY = YES;
				CLANG_WARN_ENUM_CONVERSION = YES;
				CLANG_WARN_INFINITE_RECURSION = YES;
				CLANG_WARN_INT_CONVERSION = YES;
				CLANG_WARN_NON_LITERAL_NULL_CONVERSION = YES;
				CLANG_WARN_OBJC_IMPLICIT_RETAIN_SELF = YES;
				CLANG_WARN_OBJC_LITERAL_CONVERSION = YES;
				CLANG_WARN_OBJC_ROOT_CLASS = YES_ERROR;
				CLANG_WARN_RANGE_LOOP_ANALYSIS = YES;
				CLANG_WARN_STRICT_PROTOTYPES = YES;
				CLANG_WARN_SUSPICIOUS_MOVE = YES;
				CLANG_WARN_UNGUARDED_AVAILABILITY = YES_AGGRESSIVE;
				CLANG_WARN_UNREACHABLE_CODE = YES;
				CLANG_WARN__DUPLICATE_METHOD_MATCH = YES;
				CODE_SIGN_IDENTITY = "iPhone Developer";
				COPY_PHASE_STRIP = NO;
				DEBUG_INFORMATION_FORMAT = dwarf;
				ENABLE_STRICT_OBJC_MSGSEND = YES;
				ENABLE_TESTABILITY = YES;
				GCC_C_LANGUAGE_STANDARD = gnu11;
				GCC_DYNAMIC_NO_PIC = NO;
				GCC_NO_COMMON_BLOCKS = YES;
				GCC_OPTIMIZATION_LEVEL = 0;
				GCC_PREPROCESSOR_DEFINITIONS = (
					"DEBUG=1",
					"$(inherited)",
				);
				GCC_WARN_64_TO_32_BIT_CONVERSION = YES;
				GCC_WARN_ABOUT_RETURN_TYPE = YES_ERROR;
				GCC_WARN_UNDECLARED_SELECTOR = YES;
				GCC_WARN_UNINITIALIZED_AUTOS = YES_AGGRESSIVE;
				GCC_WARN_UNUSED_FUNCTION = YES;
				GCC_WARN_UNUSED_VARIABLE = YES;
				IPHONEOS_DEPLOYMENT_TARGET = 12.0;
				MTL_ENABLE_DEBUG_INFO = INCLUDE_SOURCE;
				MTL_FAST_MATH = YES;
				ONLY_ACTIVE_ARCH = YES;
				SDKROOT = iphoneos;
				SWIFT_ACTIVE_COMPILATION_CONDITIONS = DEBUG;
				SWIFT_OPTIMIZATION_LEVEL = "-Onone";
			};
			name = Debug;
		};
		4A2F6FF52194AA8D006F3509 /* Release */ = {
			isa = XCBuildConfiguration;
			buildSettings = {
				ALWAYS_SEARCH_USER_PATHS = NO;
				CLANG_ANALYZER_NONNULL = YES;
				CLANG_ANALYZER_NUMBER_OBJECT_CONVERSION = YES_AGGRESSIVE;
				CLANG_CXX_LANGUAGE_STANDARD = "gnu++14";
				CLANG_CXX_LIBRARY = "libc++";
				CLANG_ENABLE_MODULES = YES;
				CLANG_ENABLE_OBJC_ARC = YES;
				CLANG_ENABLE_OBJC_WEAK = YES;
				CLANG_WARN_BLOCK_CAPTURE_AUTORELEASING = YES;
				CLANG_WARN_BOOL_CONVERSION = YES;
				CLANG_WARN_COMMA = YES;
				CLANG_WARN_CONSTANT_CONVERSION = YES;
				CLANG_WARN_DEPRECATED_OBJC_IMPLEMENTATIONS = YES;
				CLANG_WARN_DIRECT_OBJC_ISA_USAGE = YES_ERROR;
				CLANG_WARN_DOCUMENTATION_COMMENTS = YES;
				CLANG_WARN_EMPTY_BODY = YES;
				CLANG_WARN_ENUM_CONVERSION = YES;
				CLANG_WARN_INFINITE_RECURSION = YES;
				CLANG_WARN_INT_CONVERSION = YES;
				CLANG_WARN_NON_LITERAL_NULL_CONVERSION = YES;
				CLANG_WARN_OBJC_IMPLICIT_RETAIN_SELF = YES;
				CLANG_WARN_OBJC_LITERAL_CONVERSION = YES;
				CLANG_WARN_OBJC_ROOT_CLASS = YES_ERROR;
				CLANG_WARN_RANGE_LOOP_ANALYSIS = YES;
				CLANG_WARN_STRICT_PROTOTYPES = YES;
				CLANG_WARN_SUSPICIOUS_MOVE = YES;
				CLANG_WARN_UNGUARDED_AVAILABILITY = YES_AGGRESSIVE;
				CLANG_WARN_UNREACHABLE_CODE = YES;
				CLANG_WARN__DUPLICATE_METHOD_MATCH = YES;
				CODE_SIGN_IDENTITY = "iPhone Developer";
				COPY_PHASE_STRIP = NO;
				DEBUG_INFORMATION_FORMAT = "dwarf-with-dsym";
				ENABLE_NS_ASSERTIONS = NO;
				ENABLE_STRICT_OBJC_MSGSEND = YES;
				GCC_C_LANGUAGE_STANDARD = gnu11;
				GCC_NO_COMMON_BLOCKS = YES;
				GCC_WARN_64_TO_32_BIT_CONVERSION = YES;
				GCC_WARN_ABOUT_RETURN_TYPE = YES_ERROR;
				GCC_WARN_UNDECLARED_SELECTOR = YES;
				GCC_WARN_UNINITIALIZED_AUTOS = YES_AGGRESSIVE;
				GCC_WARN_UNUSED_FUNCTION = YES;
				GCC_WARN_UNUSED_VARIABLE = YES;
				IPHONEOS_DEPLOYMENT_TARGET = 12.0;
				MTL_ENABLE_DEBUG_INFO = NO;
				MTL_FAST_MATH = YES;
				SDKROOT = iphoneos;
				SWIFT_COMPILATION_MODE = wholemodule;
				SWIFT_OPTIMIZATION_LEVEL = "-O";
				VALIDATE_PRODUCT = YES;
			};
			name = Release;
		};
		4A2F6FF72194AA8D006F3509 /* Debug */ = {
			isa = XCBuildConfiguration;
			buildSettings = {
				ASSETCATALOG_COMPILER_APPICON_NAME = AppIcon;
				ASSETCATALOG_COMPILER_LAUNCHIMAGE_NAME = LaunchImage;
				CODE_SIGN_STYLE = Automatic;
				INFOPLIST_FILE = Sixdegrees_Ios_V2/Info.plist;
				LD_RUNPATH_SEARCH_PATHS = (
					"$(inherited)",
					"@executable_path/Frameworks",
				);
				PRODUCT_BUNDLE_IDENTIFIER = "test.Sixdegrees-Ios-V2";
				PRODUCT_NAME = "$(TARGET_NAME)";
				SWIFT_VERSION = 4.2;
				TARGETED_DEVICE_FAMILY = "1,2";
			};
			name = Debug;
		};
		4A2F6FF82194AA8D006F3509 /* Release */ = {
			isa = XCBuildConfiguration;
			buildSettings = {
				ASSETCATALOG_COMPILER_APPICON_NAME = AppIcon;
				ASSETCATALOG_COMPILER_LAUNCHIMAGE_NAME = LaunchImage;
				CODE_SIGN_STYLE = Automatic;
				INFOPLIST_FILE = Sixdegrees_Ios_V2/Info.plist;
				LD_RUNPATH_SEARCH_PATHS = (
					"$(inherited)",
					"@executable_path/Frameworks",
				);
				PRODUCT_BUNDLE_IDENTIFIER = "test.Sixdegrees-Ios-V2";
				PRODUCT_NAME = "$(TARGET_NAME)";
				SWIFT_VERSION = 4.2;
				TARGETED_DEVICE_FAMILY = "1,2";
			};
			name = Release;
		};
/* End XCBuildConfiguration section */

/* Begin XCConfigurationList section */
		4A2F6FDF2194AA8C006F3509 /* Build configuration list for PBXProject "Sixdegrees_Ios_V2" */ = {
			isa = XCConfigurationList;
			buildConfigurations = (
				4A2F6FF42194AA8D006F3509 /* Debug */,
				4A2F6FF52194AA8D006F3509 /* Release */,
			);
			defaultConfigurationIsVisible = 0;
			defaultConfigurationName = Release;
		};
		4A2F6FF62194AA8D006F3509 /* Build configuration list for PBXNativeTarget "Sixdegrees_Ios_V2" */ = {
			isa = XCConfigurationList;
			buildConfigurations = (
				4A2F6FF72194AA8D006F3509 /* Debug */,
				4A2F6FF82194AA8D006F3509 /* Release */,
			);
			defaultConfigurationIsVisible = 0;
			defaultConfigurationName = Release;
		};
/* End XCConfigurationList section */
	};
	rootObject = 4A2F6FDC2194AA8C006F3509 /* Project object */;
}
