// !$*UTF8*$!
{
	archiveVersion = 1;
	classes = {
	};
	objectVersion = 51;
	objects = {

/* Begin PBXBuildFile section */
		1873FD25B13337C5216AE9C0 /* Pods_Sixdegrees_Ios_V2.framework in Frameworks */ = {isa = PBXBuildFile; fileRef = 09419AFDF826EB3A700B0A27 /* Pods_Sixdegrees_Ios_V2.framework */; };
		1F00B1BA21A3F4D70004FEC7 /* Callback.swift in Sources */ = {isa = PBXBuildFile; fileRef = 1F00B1B921A3F4D70004FEC7 /* Callback.swift */; };
		1F00CA7C21B6854D00D31162 /* VideoViewControllerVC.swift in Sources */ = {isa = PBXBuildFile; fileRef = 1F00CA7B21B6854D00D31162 /* VideoViewControllerVC.swift */; };
		1F29377221B6725700CA7E40 /* VideoTableViewCell.swift in Sources */ = {isa = PBXBuildFile; fileRef = 1F29377021B6725700CA7E40 /* VideoTableViewCell.swift */; };
		1F29377321B6725700CA7E40 /* VideoTableViewCell.xib in Resources */ = {isa = PBXBuildFile; fileRef = 1F29377121B6725700CA7E40 /* VideoTableViewCell.xib */; };
		1F4368C121B145940066A272 /* ModelConfig.swift in Sources */ = {isa = PBXBuildFile; fileRef = 1F4368B121B145940066A272 /* ModelConfig.swift */; };
		1F4368C221B145940066A272 /* Pagination.swift in Sources */ = {isa = PBXBuildFile; fileRef = 1F4368B221B145940066A272 /* Pagination.swift */; };
		1F4368C321B145940066A272 /* Comment.swift in Sources */ = {isa = PBXBuildFile; fileRef = 1F4368B321B145940066A272 /* Comment.swift */; };
		1F4368C421B145940066A272 /* CommentAndArticle.swift in Sources */ = {isa = PBXBuildFile; fileRef = 1F4368B421B145940066A272 /* CommentAndArticle.swift */; };
		1F4368C521B145940066A272 /* DonateDetail.swift in Sources */ = {isa = PBXBuildFile; fileRef = 1F4368B521B145940066A272 /* DonateDetail.swift */; };
		1F4368C621B145940066A272 /* MediaImage.swift in Sources */ = {isa = PBXBuildFile; fileRef = 1F4368B621B145940066A272 /* MediaImage.swift */; };
		1F4368C721B145940066A272 /* ArticleDatasource.swift in Sources */ = {isa = PBXBuildFile; fileRef = 1F4368B721B145940066A272 /* ArticleDatasource.swift */; };
		1F4368C821B145940066A272 /* Article.swift in Sources */ = {isa = PBXBuildFile; fileRef = 1F4368B821B145940066A272 /* Article.swift */; };
		1F4368C921B145940066A272 /* ServerResponse.swift in Sources */ = {isa = PBXBuildFile; fileRef = 1F4368B921B145940066A272 /* ServerResponse.swift */; };
		1F4368CA21B145940066A272 /* Token.swift in Sources */ = {isa = PBXBuildFile; fileRef = 1F4368BA21B145940066A272 /* Token.swift */; };
		1F4368CB21B145940066A272 /* UserAvatar.swift in Sources */ = {isa = PBXBuildFile; fileRef = 1F4368BB21B145940066A272 /* UserAvatar.swift */; };
		1F4368CC21B145940066A272 /* ArticleDetail.swift in Sources */ = {isa = PBXBuildFile; fileRef = 1F4368BC21B145940066A272 /* ArticleDetail.swift */; };
		1F4368CD21B145940066A272 /* MyCategories.swift in Sources */ = {isa = PBXBuildFile; fileRef = 1F4368BD21B145940066A272 /* MyCategories.swift */; };
		1F4368CE21B145940066A272 /* ErrorMessage.swift in Sources */ = {isa = PBXBuildFile; fileRef = 1F4368BE21B145940066A272 /* ErrorMessage.swift */; };
		1F4368CF21B145940066A272 /* User.swift in Sources */ = {isa = PBXBuildFile; fileRef = 1F4368BF21B145940066A272 /* User.swift */; };
		1F4368D021B145940066A272 /* Member.swift in Sources */ = {isa = PBXBuildFile; fileRef = 1F4368C021B145940066A272 /* Member.swift */; };
		1F4368D321B1459E0066A272 /* LikeCounts.swift in Sources */ = {isa = PBXBuildFile; fileRef = 1F4368D121B1459E0066A272 /* LikeCounts.swift */; };
		1F4368D421B1459E0066A272 /* Category.swift in Sources */ = {isa = PBXBuildFile; fileRef = 1F4368D221B1459E0066A272 /* Category.swift */; };
		1F4368E621B145BE0066A272 /* GetMyCategory.swift in Sources */ = {isa = PBXBuildFile; fileRef = 1F4368D621B145BE0066A272 /* GetMyCategory.swift */; };
		1F4368E721B145BE0066A272 /* GetStatus.swift in Sources */ = {isa = PBXBuildFile; fileRef = 1F4368D721B145BE0066A272 /* GetStatus.swift */; };
		1F4368E821B145BE0066A272 /* GetAvatar.swift in Sources */ = {isa = PBXBuildFile; fileRef = 1F4368D821B145BE0066A272 /* GetAvatar.swift */; };
		1F4368E921B145BE0066A272 /* GetToken.swift in Sources */ = {isa = PBXBuildFile; fileRef = 1F4368D921B145BE0066A272 /* GetToken.swift */; };
		1F4368EA21B145BE0066A272 /* GetError.swift in Sources */ = {isa = PBXBuildFile; fileRef = 1F4368DA21B145BE0066A272 /* GetError.swift */; };
		1F4368EB21B145BE0066A272 /* GetDatasource.swift in Sources */ = {isa = PBXBuildFile; fileRef = 1F4368DB21B145BE0066A272 /* GetDatasource.swift */; };
		1F4368EC21B145BE0066A272 /* GetDonateDetail.swift in Sources */ = {isa = PBXBuildFile; fileRef = 1F4368DC21B145BE0066A272 /* GetDonateDetail.swift */; };
		1F4368ED21B145BE0066A272 /* GetCategory.swift in Sources */ = {isa = PBXBuildFile; fileRef = 1F4368DD21B145BE0066A272 /* GetCategory.swift */; };
		1F4368EE21B145BE0066A272 /* GetDatasourceList.swift in Sources */ = {isa = PBXBuildFile; fileRef = 1F4368DE21B145BE0066A272 /* GetDatasourceList.swift */; };
		1F4368EF21B145BE0066A272 /* GetArticleList.swift in Sources */ = {isa = PBXBuildFile; fileRef = 1F4368DF21B145BE0066A272 /* GetArticleList.swift */; };
		1F4368F021B145BE0066A272 /* GetAddStatus.swift in Sources */ = {isa = PBXBuildFile; fileRef = 1F4368E021B145BE0066A272 /* GetAddStatus.swift */; };
		1F4368F121B145BE0066A272 /* GetMember.swift in Sources */ = {isa = PBXBuildFile; fileRef = 1F4368E121B145BE0066A272 /* GetMember.swift */; };
		1F4368F221B145BE0066A272 /* GetComments.swift in Sources */ = {isa = PBXBuildFile; fileRef = 1F4368E221B145BE0066A272 /* GetComments.swift */; };
		1F4368F321B145BE0066A272 /* GetArticle.swift in Sources */ = {isa = PBXBuildFile; fileRef = 1F4368E321B145BE0066A272 /* GetArticle.swift */; };
		1F4368F421B145BE0066A272 /* GetCommentAndArticle.swift in Sources */ = {isa = PBXBuildFile; fileRef = 1F4368E421B145BE0066A272 /* GetCommentAndArticle.swift */; };
		1F4368F521B145BE0066A272 /* GetCategoryList.swift in Sources */ = {isa = PBXBuildFile; fileRef = 1F4368E521B145BE0066A272 /* GetCategoryList.swift */; };
		1F4368F721B1461F0066A272 /* NewsHeaderTableViewCell.xib in Resources */ = {isa = PBXBuildFile; fileRef = 1F4368F621B1461F0066A272 /* NewsHeaderTableViewCell.xib */; };
		1F4368F921B1465C0066A272 /* NewsTableViewCell.xib in Resources */ = {isa = PBXBuildFile; fileRef = 1F4368F821B1465C0066A272 /* NewsTableViewCell.xib */; };
		1F4A1F92219ADBE900A642F2 /* ForgetPassword.swift in Sources */ = {isa = PBXBuildFile; fileRef = 1F4A1F91219ADBE900A642F2 /* ForgetPassword.swift */; };
		1F4A1F94219AFDEA00A642F2 /* RegisterVC.swift in Sources */ = {isa = PBXBuildFile; fileRef = 1F4A1F93219AFDEA00A642F2 /* RegisterVC.swift */; };
		1F5DDFEF2195494400E7221A /* LoginVC.swift in Sources */ = {isa = PBXBuildFile; fileRef = 1F5DDFEE2195494300E7221A /* LoginVC.swift */; };
		1F5DDFF121955ED400E7221A /* BaseUiViewController.swift in Sources */ = {isa = PBXBuildFile; fileRef = 1F5DDFF021955ED400E7221A /* BaseUiViewController.swift */; };
		1F6A402E21A7F7E500E95624 /* GoogleService-Info.plist in Resources */ = {isa = PBXBuildFile; fileRef = 1F6A402D21A7F7E500E95624 /* GoogleService-Info.plist */; };
		1F7CD14921B501BB00600BF5 /* NewsListTableViewControllerVC.swift in Sources */ = {isa = PBXBuildFile; fileRef = 1F7CD14821B501BB00600BF5 /* NewsListTableViewControllerVC.swift */; };
		1F7CD14B21B5066100600BF5 /* NewListEvent.swift in Sources */ = {isa = PBXBuildFile; fileRef = 1F7CD14A21B5066100600BF5 /* NewListEvent.swift */; };
		1F8A6D3821A40264000F6D0B /* ApiService.swift in Sources */ = {isa = PBXBuildFile; fileRef = 1F8A6D3721A40264000F6D0B /* ApiService.swift */; };
		1FCB2EF421ABF09C00C2CC69 /* RecommendTableViewVC.swift in Sources */ = {isa = PBXBuildFile; fileRef = 1FCB2EF321ABF09C00C2CC69 /* RecommendTableViewVC.swift */; };
		1FCB2EF621ABF0EB00C2CC69 /* NewsHeaderTableViewCell.swift in Sources */ = {isa = PBXBuildFile; fileRef = 1FCB2EF521ABF0EB00C2CC69 /* NewsHeaderTableViewCell.swift */; };
		1FD9577021A58D8D00AC9B3C /* LoginEvent.swift in Sources */ = {isa = PBXBuildFile; fileRef = 1FD9576F21A58D8D00AC9B3C /* LoginEvent.swift */; };
		1FE5D29F21ABCA8700765A09 /* LoginAfter.storyboard in Resources */ = {isa = PBXBuildFile; fileRef = 1FE5D29E21ABCA8700765A09 /* LoginAfter.storyboard */; };
		1FE5D2A121ABD53600765A09 /* MyTabVC.swift in Sources */ = {isa = PBXBuildFile; fileRef = 1FE5D2A021ABD53600765A09 /* MyTabVC.swift */; };
		1FF5F61821AE9F3C00BA681A /* NewsTableViewCell.swift in Sources */ = {isa = PBXBuildFile; fileRef = 1FF5F61721AE9F3C00BA681A /* NewsTableViewCell.swift */; };
		1FF5F61A21AEBFA500BA681A /* PopularTableViewControllerVC.swift in Sources */ = {isa = PBXBuildFile; fileRef = 1FF5F61921AEBFA500BA681A /* PopularTableViewControllerVC.swift */; };
		1FF7EB242195B4F600777A1F /* LocalLoginVC.swift in Sources */ = {isa = PBXBuildFile; fileRef = 1FF7EB232195B4F600777A1F /* LocalLoginVC.swift */; };
		1FFEE0B221A50076001CEC25 /* LoadingVC.swift in Sources */ = {isa = PBXBuildFile; fileRef = 1FFEE0B121A50076001CEC25 /* LoadingVC.swift */; };
		4A2F6FE82194AA8C006F3509 /* AppDelegate.swift in Sources */ = {isa = PBXBuildFile; fileRef = 4A2F6FE72194AA8C006F3509 /* AppDelegate.swift */; };
		4A2F6FEA2194AA8C006F3509 /* LanguageVC.swift in Sources */ = {isa = PBXBuildFile; fileRef = 4A2F6FE92194AA8C006F3509 /* LanguageVC.swift */; };
		4A2F6FED2194AA8C006F3509 /* Main.storyboard in Resources */ = {isa = PBXBuildFile; fileRef = 4A2F6FEB2194AA8C006F3509 /* Main.storyboard */; };
		4A2F6FEF2194AA8D006F3509 /* Assets.xcassets in Resources */ = {isa = PBXBuildFile; fileRef = 4A2F6FEE2194AA8D006F3509 /* Assets.xcassets */; };
		4A2F6FF22194AA8D006F3509 /* LaunchScreen.storyboard in Resources */ = {isa = PBXBuildFile; fileRef = 4A2F6FF02194AA8D006F3509 /* LaunchScreen.storyboard */; };
		4A2F6FFA2194D21F006F3509 /* LocalData.swift in Sources */ = {isa = PBXBuildFile; fileRef = 4A2F6FF92194D21F006F3509 /* LocalData.swift */; };
		4A2FA6BA21A0A5AB002701C0 /* ConfigUserDefaults.swift in Sources */ = {isa = PBXBuildFile; fileRef = 4A2FA6B921A0A5AB002701C0 /* ConfigUserDefaults.swift */; };
		4ADFDAF021A0E22500181839 /* ConfigColor.swift in Sources */ = {isa = PBXBuildFile; fileRef = 4ADFDAEF21A0E22500181839 /* ConfigColor.swift */; };
/* End PBXBuildFile section */

/* Begin PBXFileReference section */
		09419AFDF826EB3A700B0A27 /* Pods_Sixdegrees_Ios_V2.framework */ = {isa = PBXFileReference; explicitFileType = wrapper.framework; includeInIndex = 0; path = Pods_Sixdegrees_Ios_V2.framework; sourceTree = BUILT_PRODUCTS_DIR; };
		1F00B1B921A3F4D70004FEC7 /* Callback.swift */ = {isa = PBXFileReference; lastKnownFileType = sourcecode.swift; path = Callback.swift; sourceTree = "<group>"; };
		1F00CA7B21B6854D00D31162 /* VideoViewControllerVC.swift */ = {isa = PBXFileReference; lastKnownFileType = sourcecode.swift; path = VideoViewControllerVC.swift; sourceTree = "<group>"; };
		1F06653F21A6B0CC00773324 /* ModelConfig.swift */ = {isa = PBXFileReference; lastKnownFileType = sourcecode.swift; path = ModelConfig.swift; sourceTree = "<group>"; };
		1F29377021B6725700CA7E40 /* VideoTableViewCell.swift */ = {isa = PBXFileReference; lastKnownFileType = sourcecode.swift; path = VideoTableViewCell.swift; sourceTree = "<group>"; };
		1F29377121B6725700CA7E40 /* VideoTableViewCell.xib */ = {isa = PBXFileReference; lastKnownFileType = file.xib; path = VideoTableViewCell.xib; sourceTree = "<group>"; };
		1F4368B121B145940066A272 /* ModelConfig.swift */ = {isa = PBXFileReference; fileEncoding = 4; lastKnownFileType = sourcecode.swift; path = ModelConfig.swift; sourceTree = "<group>"; };
		1F4368B221B145940066A272 /* Pagination.swift */ = {isa = PBXFileReference; fileEncoding = 4; lastKnownFileType = sourcecode.swift; path = Pagination.swift; sourceTree = "<group>"; };
		1F4368B321B145940066A272 /* Comment.swift */ = {isa = PBXFileReference; fileEncoding = 4; lastKnownFileType = sourcecode.swift; path = Comment.swift; sourceTree = "<group>"; };
		1F4368B421B145940066A272 /* CommentAndArticle.swift */ = {isa = PBXFileReference; fileEncoding = 4; lastKnownFileType = sourcecode.swift; path = CommentAndArticle.swift; sourceTree = "<group>"; };
		1F4368B521B145940066A272 /* DonateDetail.swift */ = {isa = PBXFileReference; fileEncoding = 4; lastKnownFileType = sourcecode.swift; path = DonateDetail.swift; sourceTree = "<group>"; };
		1F4368B621B145940066A272 /* MediaImage.swift */ = {isa = PBXFileReference; fileEncoding = 4; lastKnownFileType = sourcecode.swift; path = MediaImage.swift; sourceTree = "<group>"; };
		1F4368B721B145940066A272 /* ArticleDatasource.swift */ = {isa = PBXFileReference; fileEncoding = 4; lastKnownFileType = sourcecode.swift; path = ArticleDatasource.swift; sourceTree = "<group>"; };
		1F4368B821B145940066A272 /* Article.swift */ = {isa = PBXFileReference; fileEncoding = 4; lastKnownFileType = sourcecode.swift; path = Article.swift; sourceTree = "<group>"; };
		1F4368B921B145940066A272 /* ServerResponse.swift */ = {isa = PBXFileReference; fileEncoding = 4; lastKnownFileType = sourcecode.swift; path = ServerResponse.swift; sourceTree = "<group>"; };
		1F4368BA21B145940066A272 /* Token.swift */ = {isa = PBXFileReference; fileEncoding = 4; lastKnownFileType = sourcecode.swift; path = Token.swift; sourceTree = "<group>"; };
		1F4368BB21B145940066A272 /* UserAvatar.swift */ = {isa = PBXFileReference; fileEncoding = 4; lastKnownFileType = sourcecode.swift; path = UserAvatar.swift; sourceTree = "<group>"; };
		1F4368BC21B145940066A272 /* ArticleDetail.swift */ = {isa = PBXFileReference; fileEncoding = 4; lastKnownFileType = sourcecode.swift; path = ArticleDetail.swift; sourceTree = "<group>"; };
		1F4368BD21B145940066A272 /* MyCategories.swift */ = {isa = PBXFileReference; fileEncoding = 4; lastKnownFileType = sourcecode.swift; path = MyCategories.swift; sourceTree = "<group>"; };
		1F4368BE21B145940066A272 /* ErrorMessage.swift */ = {isa = PBXFileReference; fileEncoding = 4; lastKnownFileType = sourcecode.swift; path = ErrorMessage.swift; sourceTree = "<group>"; };
		1F4368BF21B145940066A272 /* User.swift */ = {isa = PBXFileReference; fileEncoding = 4; lastKnownFileType = sourcecode.swift; path = User.swift; sourceTree = "<group>"; };
		1F4368C021B145940066A272 /* Member.swift */ = {isa = PBXFileReference; fileEncoding = 4; lastKnownFileType = sourcecode.swift; path = Member.swift; sourceTree = "<group>"; };
		1F4368D121B1459E0066A272 /* LikeCounts.swift */ = {isa = PBXFileReference; fileEncoding = 4; lastKnownFileType = sourcecode.swift; path = LikeCounts.swift; sourceTree = "<group>"; };
		1F4368D221B1459E0066A272 /* Category.swift */ = {isa = PBXFileReference; fileEncoding = 4; lastKnownFileType = sourcecode.swift; path = Category.swift; sourceTree = "<group>"; };
		1F4368D621B145BE0066A272 /* GetMyCategory.swift */ = {isa = PBXFileReference; fileEncoding = 4; lastKnownFileType = sourcecode.swift; name = GetMyCategory.swift; path = Sixdegrees_Ios_V2/Model/GetInfo/GetMyCategory.swift; sourceTree = SOURCE_ROOT; };
		1F4368D721B145BE0066A272 /* GetStatus.swift */ = {isa = PBXFileReference; fileEncoding = 4; lastKnownFileType = sourcecode.swift; name = GetStatus.swift; path = Sixdegrees_Ios_V2/Model/GetInfo/GetStatus.swift; sourceTree = SOURCE_ROOT; };
		1F4368D821B145BE0066A272 /* GetAvatar.swift */ = {isa = PBXFileReference; fileEncoding = 4; lastKnownFileType = sourcecode.swift; name = GetAvatar.swift; path = Sixdegrees_Ios_V2/Model/GetInfo/GetAvatar.swift; sourceTree = SOURCE_ROOT; };
		1F4368D921B145BE0066A272 /* GetToken.swift */ = {isa = PBXFileReference; fileEncoding = 4; lastKnownFileType = sourcecode.swift; name = GetToken.swift; path = Sixdegrees_Ios_V2/Model/GetInfo/GetToken.swift; sourceTree = SOURCE_ROOT; };
		1F4368DA21B145BE0066A272 /* GetError.swift */ = {isa = PBXFileReference; fileEncoding = 4; lastKnownFileType = sourcecode.swift; name = GetError.swift; path = Sixdegrees_Ios_V2/Model/GetInfo/GetError.swift; sourceTree = SOURCE_ROOT; };
		1F4368DB21B145BE0066A272 /* GetDatasource.swift */ = {isa = PBXFileReference; fileEncoding = 4; lastKnownFileType = sourcecode.swift; name = GetDatasource.swift; path = Sixdegrees_Ios_V2/Model/GetInfo/GetDatasource.swift; sourceTree = SOURCE_ROOT; };
		1F4368DC21B145BE0066A272 /* GetDonateDetail.swift */ = {isa = PBXFileReference; fileEncoding = 4; lastKnownFileType = sourcecode.swift; name = GetDonateDetail.swift; path = Sixdegrees_Ios_V2/Model/GetInfo/GetDonateDetail.swift; sourceTree = SOURCE_ROOT; };
		1F4368DD21B145BE0066A272 /* GetCategory.swift */ = {isa = PBXFileReference; fileEncoding = 4; lastKnownFileType = sourcecode.swift; name = GetCategory.swift; path = Sixdegrees_Ios_V2/Model/GetInfo/GetCategory.swift; sourceTree = SOURCE_ROOT; };
		1F4368DE21B145BE0066A272 /* GetDatasourceList.swift */ = {isa = PBXFileReference; fileEncoding = 4; lastKnownFileType = sourcecode.swift; name = GetDatasourceList.swift; path = Sixdegrees_Ios_V2/Model/GetInfo/GetDatasourceList.swift; sourceTree = SOURCE_ROOT; };
		1F4368DF21B145BE0066A272 /* GetArticleList.swift */ = {isa = PBXFileReference; fileEncoding = 4; lastKnownFileType = sourcecode.swift; name = GetArticleList.swift; path = Sixdegrees_Ios_V2/Model/GetInfo/GetArticleList.swift; sourceTree = SOURCE_ROOT; };
		1F4368E021B145BE0066A272 /* GetAddStatus.swift */ = {isa = PBXFileReference; fileEncoding = 4; lastKnownFileType = sourcecode.swift; name = GetAddStatus.swift; path = Sixdegrees_Ios_V2/Model/GetInfo/GetAddStatus.swift; sourceTree = SOURCE_ROOT; };
		1F4368E121B145BE0066A272 /* GetMember.swift */ = {isa = PBXFileReference; fileEncoding = 4; lastKnownFileType = sourcecode.swift; name = GetMember.swift; path = Sixdegrees_Ios_V2/Model/GetInfo/GetMember.swift; sourceTree = SOURCE_ROOT; };
		1F4368E221B145BE0066A272 /* GetComments.swift */ = {isa = PBXFileReference; fileEncoding = 4; lastKnownFileType = sourcecode.swift; name = GetComments.swift; path = Sixdegrees_Ios_V2/Model/GetInfo/GetComments.swift; sourceTree = SOURCE_ROOT; };
		1F4368E321B145BE0066A272 /* GetArticle.swift */ = {isa = PBXFileReference; fileEncoding = 4; lastKnownFileType = sourcecode.swift; name = GetArticle.swift; path = Sixdegrees_Ios_V2/Model/GetInfo/GetArticle.swift; sourceTree = SOURCE_ROOT; };
		1F4368E421B145BE0066A272 /* GetCommentAndArticle.swift */ = {isa = PBXFileReference; fileEncoding = 4; lastKnownFileType = sourcecode.swift; name = GetCommentAndArticle.swift; path = Sixdegrees_Ios_V2/Model/GetInfo/GetCommentAndArticle.swift; sourceTree = SOURCE_ROOT; };
		1F4368E521B145BE0066A272 /* GetCategoryList.swift */ = {isa = PBXFileReference; fileEncoding = 4; lastKnownFileType = sourcecode.swift; name = GetCategoryList.swift; path = Sixdegrees_Ios_V2/Model/GetInfo/GetCategoryList.swift; sourceTree = SOURCE_ROOT; };
		1F4368F621B1461F0066A272 /* NewsHeaderTableViewCell.xib */ = {isa = PBXFileReference; lastKnownFileType = file.xib; path = NewsHeaderTableViewCell.xib; sourceTree = "<group>"; };
		1F4368F821B1465C0066A272 /* NewsTableViewCell.xib */ = {isa = PBXFileReference; lastKnownFileType = file.xib; path = NewsTableViewCell.xib; sourceTree = "<group>"; };
		1F4A1F91219ADBE900A642F2 /* ForgetPassword.swift */ = {isa = PBXFileReference; fileEncoding = 4; lastKnownFileType = sourcecode.swift; path = ForgetPassword.swift; sourceTree = "<group>"; };
		1F4A1F93219AFDEA00A642F2 /* RegisterVC.swift */ = {isa = PBXFileReference; lastKnownFileType = sourcecode.swift; path = RegisterVC.swift; sourceTree = "<group>"; };
		1F5DDFEE2195494300E7221A /* LoginVC.swift */ = {isa = PBXFileReference; lastKnownFileType = sourcecode.swift; path = LoginVC.swift; sourceTree = "<group>"; };
		1F5DDFF021955ED400E7221A /* BaseUiViewController.swift */ = {isa = PBXFileReference; lastKnownFileType = sourcecode.swift; path = BaseUiViewController.swift; sourceTree = "<group>"; };
		1F6A402D21A7F7E500E95624 /* GoogleService-Info.plist */ = {isa = PBXFileReference; fileEncoding = 4; lastKnownFileType = text.plist.xml; name = "GoogleService-Info.plist"; path = "../../../Downloads/GoogleService-Info.plist"; sourceTree = "<group>"; };
		1F7CD14821B501BB00600BF5 /* NewsListTableViewControllerVC.swift */ = {isa = PBXFileReference; lastKnownFileType = sourcecode.swift; path = NewsListTableViewControllerVC.swift; sourceTree = "<group>"; };
		1F7CD14A21B5066100600BF5 /* NewListEvent.swift */ = {isa = PBXFileReference; lastKnownFileType = sourcecode.swift; path = NewListEvent.swift; sourceTree = "<group>"; };
		1F8A6D3721A40264000F6D0B /* ApiService.swift */ = {isa = PBXFileReference; lastKnownFileType = sourcecode.swift; path = ApiService.swift; sourceTree = "<group>"; };
		1FCB2EF321ABF09C00C2CC69 /* RecommendTableViewVC.swift */ = {isa = PBXFileReference; lastKnownFileType = sourcecode.swift; path = RecommendTableViewVC.swift; sourceTree = "<group>"; };
		1FCB2EF521ABF0EB00C2CC69 /* NewsHeaderTableViewCell.swift */ = {isa = PBXFileReference; lastKnownFileType = sourcecode.swift; path = NewsHeaderTableViewCell.swift; sourceTree = "<group>"; };
		1FD9576F21A58D8D00AC9B3C /* LoginEvent.swift */ = {isa = PBXFileReference; lastKnownFileType = sourcecode.swift; path = LoginEvent.swift; sourceTree = "<group>"; };
		1FE5D29E21ABCA8700765A09 /* LoginAfter.storyboard */ = {isa = PBXFileReference; lastKnownFileType = file.storyboard; path = LoginAfter.storyboard; sourceTree = "<group>"; };
		1FE5D2A021ABD53600765A09 /* MyTabVC.swift */ = {isa = PBXFileReference; lastKnownFileType = sourcecode.swift; path = MyTabVC.swift; sourceTree = "<group>"; };
		1FF5F61721AE9F3C00BA681A /* NewsTableViewCell.swift */ = {isa = PBXFileReference; lastKnownFileType = sourcecode.swift; path = NewsTableViewCell.swift; sourceTree = "<group>"; };
		1FF5F61921AEBFA500BA681A /* PopularTableViewControllerVC.swift */ = {isa = PBXFileReference; lastKnownFileType = sourcecode.swift; path = PopularTableViewControllerVC.swift; sourceTree = "<group>"; };
		1FF7EB232195B4F600777A1F /* LocalLoginVC.swift */ = {isa = PBXFileReference; lastKnownFileType = sourcecode.swift; path = LocalLoginVC.swift; sourceTree = "<group>"; };
		1FFEE0B121A50076001CEC25 /* LoadingVC.swift */ = {isa = PBXFileReference; lastKnownFileType = sourcecode.swift; path = LoadingVC.swift; sourceTree = "<group>"; };
		4A2F6FE42194AA8C006F3509 /* Sixdegrees_Ios_V2.app */ = {isa = PBXFileReference; explicitFileType = wrapper.application; includeInIndex = 0; path = Sixdegrees_Ios_V2.app; sourceTree = BUILT_PRODUCTS_DIR; };
		4A2F6FE72194AA8C006F3509 /* AppDelegate.swift */ = {isa = PBXFileReference; lastKnownFileType = sourcecode.swift; path = AppDelegate.swift; sourceTree = "<group>"; };
		4A2F6FE92194AA8C006F3509 /* LanguageVC.swift */ = {isa = PBXFileReference; lastKnownFileType = sourcecode.swift; path = LanguageVC.swift; sourceTree = "<group>"; };
		4A2F6FEC2194AA8C006F3509 /* Base */ = {isa = PBXFileReference; lastKnownFileType = file.storyboard; name = Base; path = Base.lproj/Main.storyboard; sourceTree = "<group>"; };
		4A2F6FEE2194AA8D006F3509 /* Assets.xcassets */ = {isa = PBXFileReference; lastKnownFileType = folder.assetcatalog; path = Assets.xcassets; sourceTree = "<group>"; };
		4A2F6FF12194AA8D006F3509 /* Base */ = {isa = PBXFileReference; lastKnownFileType = file.storyboard; name = Base; path = Base.lproj/LaunchScreen.storyboard; sourceTree = "<group>"; };
		4A2F6FF32194AA8D006F3509 /* Info.plist */ = {isa = PBXFileReference; lastKnownFileType = text.plist.xml; path = Info.plist; sourceTree = "<group>"; };
		4A2F6FF92194D21F006F3509 /* LocalData.swift */ = {isa = PBXFileReference; lastKnownFileType = sourcecode.swift; path = LocalData.swift; sourceTree = "<group>"; };
		4A2FA6B921A0A5AB002701C0 /* ConfigUserDefaults.swift */ = {isa = PBXFileReference; lastKnownFileType = sourcecode.swift; path = ConfigUserDefaults.swift; sourceTree = "<group>"; };
		4ADFDAEF21A0E22500181839 /* ConfigColor.swift */ = {isa = PBXFileReference; lastKnownFileType = sourcecode.swift; path = ConfigColor.swift; sourceTree = "<group>"; };
		BCC73D56185C4FB19AA9C823 /* Pods-Sixdegrees_Ios_V2.release.xcconfig */ = {isa = PBXFileReference; includeInIndex = 1; lastKnownFileType = text.xcconfig; name = "Pods-Sixdegrees_Ios_V2.release.xcconfig"; path = "Pods/Target Support Files/Pods-Sixdegrees_Ios_V2/Pods-Sixdegrees_Ios_V2.release.xcconfig"; sourceTree = "<group>"; };
		DCBB64E3F2C38FCF9AC3FF41 /* Pods-Sixdegrees_Ios_V2.debug.xcconfig */ = {isa = PBXFileReference; includeInIndex = 1; lastKnownFileType = text.xcconfig; name = "Pods-Sixdegrees_Ios_V2.debug.xcconfig"; path = "Pods/Target Support Files/Pods-Sixdegrees_Ios_V2/Pods-Sixdegrees_Ios_V2.debug.xcconfig"; sourceTree = "<group>"; };
/* End PBXFileReference section */

/* Begin PBXFrameworksBuildPhase section */
		4A2F6FE12194AA8C006F3509 /* Frameworks */ = {
			isa = PBXFrameworksBuildPhase;
			buildActionMask = 2147483647;
			files = (
				1873FD25B13337C5216AE9C0 /* Pods_Sixdegrees_Ios_V2.framework in Frameworks */,
			);
			runOnlyForDeploymentPostprocessing = 0;
		};
/* End PBXFrameworksBuildPhase section */

/* Begin PBXGroup section */
		1F00B19421A3F3C00004FEC7 /* Api */ = {
			isa = PBXGroup;
			children = (
				1F00B1B921A3F4D70004FEC7 /* Callback.swift */,
				1F8A6D3721A40264000F6D0B /* ApiService.swift */,
			);
			path = Api;
			sourceTree = "<group>";
		};
		1F00B19621A3F40B0004FEC7 /* Model */ = {
			isa = PBXGroup;
			children = (
				1F4368D521B145AB0066A272 /* GetInfo */,
				1F4368B821B145940066A272 /* Article.swift */,
				1F4368B721B145940066A272 /* ArticleDatasource.swift */,
				1F4368BC21B145940066A272 /* ArticleDetail.swift */,
				1F4368B321B145940066A272 /* Comment.swift */,
				1F4368B421B145940066A272 /* CommentAndArticle.swift */,
				1F4368B521B145940066A272 /* DonateDetail.swift */,
				1F4368BE21B145940066A272 /* ErrorMessage.swift */,
				1F4368D221B1459E0066A272 /* Category.swift */,
				1F4368D121B1459E0066A272 /* LikeCounts.swift */,
				1F4368B621B145940066A272 /* MediaImage.swift */,
				1F4368C021B145940066A272 /* Member.swift */,
				1F4368B121B145940066A272 /* ModelConfig.swift */,
				1F4368BD21B145940066A272 /* MyCategories.swift */,
				1F4368B221B145940066A272 /* Pagination.swift */,
				1F4368B921B145940066A272 /* ServerResponse.swift */,
				1F4368BA21B145940066A272 /* Token.swift */,
				1F4368BF21B145940066A272 /* User.swift */,
				1F4368BB21B145940066A272 /* UserAvatar.swift */,
				1F06653F21A6B0CC00773324 /* ModelConfig.swift */,
			);
			path = Model;
			sourceTree = "<group>";
		};
		1F29376F21B6555600CA7E40 /* New Group */ = {
			isa = PBXGroup;
			children = (
			);
			path = "New Group";
			sourceTree = "<group>";
		};
		1F4368D521B145AB0066A272 /* GetInfo */ = {
			isa = PBXGroup;
			children = (
				1F4368E021B145BE0066A272 /* GetAddStatus.swift */,
				1F4368E321B145BE0066A272 /* GetArticle.swift */,
				1F4368DF21B145BE0066A272 /* GetArticleList.swift */,
				1F4368D821B145BE0066A272 /* GetAvatar.swift */,
				1F4368DD21B145BE0066A272 /* GetCategory.swift */,
				1F4368E521B145BE0066A272 /* GetCategoryList.swift */,
				1F4368E421B145BE0066A272 /* GetCommentAndArticle.swift */,
				1F4368E221B145BE0066A272 /* GetComments.swift */,
				1F4368DB21B145BE0066A272 /* GetDatasource.swift */,
				1F4368DE21B145BE0066A272 /* GetDatasourceList.swift */,
				1F4368DC21B145BE0066A272 /* GetDonateDetail.swift */,
				1F4368DA21B145BE0066A272 /* GetError.swift */,
				1F4368E121B145BE0066A272 /* GetMember.swift */,
				1F4368D621B145BE0066A272 /* GetMyCategory.swift */,
				1F4368D721B145BE0066A272 /* GetStatus.swift */,
				1F4368D921B145BE0066A272 /* GetToken.swift */,
			);
			name = GetInfo;
			path = "New Group";
			sourceTree = "<group>";
		};
		1FD9576E21A58D6000AC9B3C /* EventBus */ = {
			isa = PBXGroup;
			children = (
				1FD9576F21A58D8D00AC9B3C /* LoginEvent.swift */,
				1F7CD14A21B5066100600BF5 /* NewListEvent.swift */,
			);
			path = EventBus;
			sourceTree = "<group>";
		};
		46772C3FBF2AAA4C624351EB /* Frameworks */ = {
			isa = PBXGroup;
			children = (
				09419AFDF826EB3A700B0A27 /* Pods_Sixdegrees_Ios_V2.framework */,
			);
			name = Frameworks;
			sourceTree = "<group>";
		};
		4A2F6FDB2194AA8C006F3509 = {
			isa = PBXGroup;
			children = (
				4A2F6FE62194AA8C006F3509 /* Sixdegrees_Ios_V2 */,
				4A2F6FE52194AA8C006F3509 /* Products */,
				CF14FF7D7E36345266363685 /* Pods */,
				46772C3FBF2AAA4C624351EB /* Frameworks */,
			);
			sourceTree = "<group>";
		};
		4A2F6FE52194AA8C006F3509 /* Products */ = {
			isa = PBXGroup;
			children = (
				4A2F6FE42194AA8C006F3509 /* Sixdegrees_Ios_V2.app */,
			);
			name = Products;
			sourceTree = "<group>";
		};
		4A2F6FE62194AA8C006F3509 /* Sixdegrees_Ios_V2 */ = {
			isa = PBXGroup;
			children = (
				1F6A402D21A7F7E500E95624 /* GoogleService-Info.plist */,
				1FD9576E21A58D6000AC9B3C /* EventBus */,
				1F00B19621A3F40B0004FEC7 /* Model */,
				1F00B19421A3F3C00004FEC7 /* Api */,
				4ADFDAF121A0E23600181839 /* ViewController */,
				4ADFDAEE21A0E1ED00181839 /* Util */,
				4A2F6FE72194AA8C006F3509 /* AppDelegate.swift */,
				4A2F6FF32194AA8D006F3509 /* Info.plist */,
				4A2F6FEE2194AA8D006F3509 /* Assets.xcassets */,
				4A2F6FF02194AA8D006F3509 /* LaunchScreen.storyboard */,
				4A2F6FEB2194AA8C006F3509 /* Main.storyboard */,
				1FE5D29E21ABCA8700765A09 /* LoginAfter.storyboard */,
				1F4368F621B1461F0066A272 /* NewsHeaderTableViewCell.xib */,
				1F29377021B6725700CA7E40 /* VideoTableViewCell.swift */,
				1F29377121B6725700CA7E40 /* VideoTableViewCell.xib */,
				1F4368F821B1465C0066A272 /* NewsTableViewCell.xib */,
			);
			path = Sixdegrees_Ios_V2;
			sourceTree = "<group>";
		};
		4ADFDAEE21A0E1ED00181839 /* Util */ = {
			isa = PBXGroup;
			children = (
				4ADFDAEF21A0E22500181839 /* ConfigColor.swift */,
				4A2FA6B921A0A5AB002701C0 /* ConfigUserDefaults.swift */,
				4A2F6FF92194D21F006F3509 /* LocalData.swift */,
			);
			path = Util;
			sourceTree = "<group>";
		};
		4ADFDAF121A0E23600181839 /* ViewController */ = {
			isa = PBXGroup;
			children = (
				1F29376F21B6555600CA7E40 /* New Group */,
				1FE5D2A021ABD53600765A09 /* MyTabVC.swift */,
				1FCB2EF321ABF09C00C2CC69 /* RecommendTableViewVC.swift */,
				1FF5F61921AEBFA500BA681A /* PopularTableViewControllerVC.swift */,
				1FCB2EF521ABF0EB00C2CC69 /* NewsHeaderTableViewCell.swift */,
				1FF5F61721AE9F3C00BA681A /* NewsTableViewCell.swift */,
				1F5DDFF021955ED400E7221A /* BaseUiViewController.swift */,
				1F5DDFEE2195494300E7221A /* LoginVC.swift */,
				4A2F6FE92194AA8C006F3509 /* LanguageVC.swift */,
				1FF7EB232195B4F600777A1F /* LocalLoginVC.swift */,
				1F4A1F91219ADBE900A642F2 /* ForgetPassword.swift */,
				1F4A1F93219AFDEA00A642F2 /* RegisterVC.swift */,
				1FFEE0B121A50076001CEC25 /* LoadingVC.swift */,
				1F7CD14821B501BB00600BF5 /* NewsListTableViewControllerVC.swift */,
				1F00CA7B21B6854D00D31162 /* VideoViewControllerVC.swift */,
			);
			path = ViewController;
			sourceTree = "<group>";
		};
		CF14FF7D7E36345266363685 /* Pods */ = {
			isa = PBXGroup;
			children = (
				DCBB64E3F2C38FCF9AC3FF41 /* Pods-Sixdegrees_Ios_V2.debug.xcconfig */,
				BCC73D56185C4FB19AA9C823 /* Pods-Sixdegrees_Ios_V2.release.xcconfig */,
			);
			name = Pods;
			sourceTree = "<group>";
		};
/* End PBXGroup section */

/* Begin PBXNativeTarget section */
		4A2F6FE32194AA8C006F3509 /* Sixdegrees_Ios_V2 */ = {
			isa = PBXNativeTarget;
			buildConfigurationList = 4A2F6FF62194AA8D006F3509 /* Build configuration list for PBXNativeTarget "Sixdegrees_Ios_V2" */;
			buildPhases = (
				A8BF7D29A07E8FF276ED6303 /* [CP] Check Pods Manifest.lock */,
				4A2F6FE02194AA8C006F3509 /* Sources */,
				4A2F6FE12194AA8C006F3509 /* Frameworks */,
				4A2F6FE22194AA8C006F3509 /* Resources */,
				2F34B1EEEAA3CC53328242BE /* [CP] Embed Pods Frameworks */,
				86A6598EBE5FEF8E11D6CF1D /* [CP] Copy Pods Resources */,
			);
			buildRules = (
			);
			dependencies = (
			);
			name = Sixdegrees_Ios_V2;
			productName = Sixdegrees_Ios_V2;
			productReference = 4A2F6FE42194AA8C006F3509 /* Sixdegrees_Ios_V2.app */;
			productType = "com.apple.product-type.application";
		};
/* End PBXNativeTarget section */

/* Begin PBXProject section */
		4A2F6FDC2194AA8C006F3509 /* Project object */ = {
			isa = PBXProject;
			attributes = {
				LastSwiftUpdateCheck = 1000;
				LastUpgradeCheck = 1010;
				ORGANIZATIONNAME = "Tsai Cary";
				TargetAttributes = {
					4A2F6FE32194AA8C006F3509 = {
						CreatedOnToolsVersion = 10.0;
					};
				};
			};
			buildConfigurationList = 4A2F6FDF2194AA8C006F3509 /* Build configuration list for PBXProject "Sixdegrees_Ios_V2" */;
			compatibilityVersion = "Xcode 10.0";
			developmentRegion = en;
			hasScannedForEncodings = 0;
			knownRegions = (
				en,
				Base,
			);
			mainGroup = 4A2F6FDB2194AA8C006F3509;
			productRefGroup = 4A2F6FE52194AA8C006F3509 /* Products */;
			projectDirPath = "";
			projectRoot = "";
			targets = (
				4A2F6FE32194AA8C006F3509 /* Sixdegrees_Ios_V2 */,
			);
		};
/* End PBXProject section */

/* Begin PBXResourcesBuildPhase section */
		4A2F6FE22194AA8C006F3509 /* Resources */ = {
			isa = PBXResourcesBuildPhase;
			buildActionMask = 2147483647;
			files = (
				1FE5D29F21ABCA8700765A09 /* LoginAfter.storyboard in Resources */,
				1F29377321B6725700CA7E40 /* VideoTableViewCell.xib in Resources */,
				4A2F6FF22194AA8D006F3509 /* LaunchScreen.storyboard in Resources */,
				1F4368F721B1461F0066A272 /* NewsHeaderTableViewCell.xib in Resources */,
				1F6A402E21A7F7E500E95624 /* GoogleService-Info.plist in Resources */,
				1F4368F921B1465C0066A272 /* NewsTableViewCell.xib in Resources */,
				4A2F6FEF2194AA8D006F3509 /* Assets.xcassets in Resources */,
				4A2F6FED2194AA8C006F3509 /* Main.storyboard in Resources */,
			);
			runOnlyForDeploymentPostprocessing = 0;
		};
/* End PBXResourcesBuildPhase section */

/* Begin PBXShellScriptBuildPhase section */
		2F34B1EEEAA3CC53328242BE /* [CP] Embed Pods Frameworks */ = {
			isa = PBXShellScriptBuildPhase;
			buildActionMask = 2147483647;
			files = (
			);
			inputFileListPaths = (
			);
			inputPaths = (
				"${SRCROOT}/Pods/Target Support Files/Pods-Sixdegrees_Ios_V2/Pods-Sixdegrees_Ios_V2-frameworks.sh",
				"${BUILT_PRODUCTS_DIR}/Alamofire/Alamofire.framework",
				"${BUILT_PRODUCTS_DIR}/Bolts/Bolts.framework",
				"${BUILT_PRODUCTS_DIR}/FBSDKCoreKit/FBSDKCoreKit.framework",
				"${BUILT_PRODUCTS_DIR}/FBSDKLoginKit/FBSDKLoginKit.framework",
				"${BUILT_PRODUCTS_DIR}/FacebookCore/FacebookCore.framework",
				"${BUILT_PRODUCTS_DIR}/FacebookLogin/FacebookLogin.framework",
				"${BUILT_PRODUCTS_DIR}/GTMOAuth2/GTMOAuth2.framework",
				"${BUILT_PRODUCTS_DIR}/GTMSessionFetcher/GTMSessionFetcher.framework",
				"${BUILT_PRODUCTS_DIR}/GoogleToolboxForMac/GoogleToolboxForMac.framework",
				"${BUILT_PRODUCTS_DIR}/GoogleUtilities/GoogleUtilities.framework",
				"${BUILT_PRODUCTS_DIR}/MDFInternationalization/MDFInternationalization.framework",
				"${BUILT_PRODUCTS_DIR}/MDFTextAccessibility/MDFTextAccessibility.framework",
				"${BUILT_PRODUCTS_DIR}/MaterialComponents/MaterialComponents.framework",
				"${BUILT_PRODUCTS_DIR}/Protobuf/Protobuf.framework",
				"${BUILT_PRODUCTS_DIR}/SDWebImage/SDWebImage.framework",
				"${BUILT_PRODUCTS_DIR}/SwiftEventBus/SwiftEventBus.framework",
				"${PODS_ROOT}/TwitterCore/iOS/TwitterCore.framework",
				"${PODS_ROOT}/TwitterKit/iOS/TwitterKit.framework",
				"${BUILT_PRODUCTS_DIR}/XLPagerTabStrip/XLPagerTabStrip.framework",
				"${BUILT_PRODUCTS_DIR}/YouTubePlayer-Swift/YouTubePlayer_Swift.framework",
				"${BUILT_PRODUCTS_DIR}/nanopb/nanopb.framework",
			);
			name = "[CP] Embed Pods Frameworks";
			outputFileListPaths = (
			);
			outputPaths = (
				"${TARGET_BUILD_DIR}/${FRAMEWORKS_FOLDER_PATH}/Alamofire.framework",
				"${TARGET_BUILD_DIR}/${FRAMEWORKS_FOLDER_PATH}/Bolts.framework",
				"${TARGET_BUILD_DIR}/${FRAMEWORKS_FOLDER_PATH}/FBSDKCoreKit.framework",
				"${TARGET_BUILD_DIR}/${FRAMEWORKS_FOLDER_PATH}/FBSDKLoginKit.framework",
				"${TARGET_BUILD_DIR}/${FRAMEWORKS_FOLDER_PATH}/FacebookCore.framework",
				"${TARGET_BUILD_DIR}/${FRAMEWORKS_FOLDER_PATH}/FacebookLogin.framework",
				"${TARGET_BUILD_DIR}/${FRAMEWORKS_FOLDER_PATH}/GTMOAuth2.framework",
				"${TARGET_BUILD_DIR}/${FRAMEWORKS_FOLDER_PATH}/GTMSessionFetcher.framework",
				"${TARGET_BUILD_DIR}/${FRAMEWORKS_FOLDER_PATH}/GoogleToolboxForMac.framework",
				"${TARGET_BUILD_DIR}/${FRAMEWORKS_FOLDER_PATH}/GoogleUtilities.framework",
				"${TARGET_BUILD_DIR}/${FRAMEWORKS_FOLDER_PATH}/MDFInternationalization.framework",
				"${TARGET_BUILD_DIR}/${FRAMEWORKS_FOLDER_PATH}/MDFTextAccessibility.framework",
				"${TARGET_BUILD_DIR}/${FRAMEWORKS_FOLDER_PATH}/MaterialComponents.framework",
				"${TARGET_BUILD_DIR}/${FRAMEWORKS_FOLDER_PATH}/Protobuf.framework",
				"${TARGET_BUILD_DIR}/${FRAMEWORKS_FOLDER_PATH}/SDWebImage.framework",
				"${TARGET_BUILD_DIR}/${FRAMEWORKS_FOLDER_PATH}/SwiftEventBus.framework",
				"${TARGET_BUILD_DIR}/${FRAMEWORKS_FOLDER_PATH}/TwitterCore.framework",
				"${TARGET_BUILD_DIR}/${FRAMEWORKS_FOLDER_PATH}/TwitterKit.framework",
				"${TARGET_BUILD_DIR}/${FRAMEWORKS_FOLDER_PATH}/XLPagerTabStrip.framework",
				"${TARGET_BUILD_DIR}/${FRAMEWORKS_FOLDER_PATH}/YouTubePlayer_Swift.framework",
				"${TARGET_BUILD_DIR}/${FRAMEWORKS_FOLDER_PATH}/nanopb.framework",
			);
			runOnlyForDeploymentPostprocessing = 0;
			shellPath = /bin/sh;
			shellScript = "\"${SRCROOT}/Pods/Target Support Files/Pods-Sixdegrees_Ios_V2/Pods-Sixdegrees_Ios_V2-frameworks.sh\"\n";
			showEnvVarsInLog = 0;
		};
		86A6598EBE5FEF8E11D6CF1D /* [CP] Copy Pods Resources */ = {
			isa = PBXShellScriptBuildPhase;
			buildActionMask = 2147483647;
			files = (
			);
			inputFileListPaths = (
			);
			inputPaths = (
				"${SRCROOT}/Pods/Target Support Files/Pods-Sixdegrees_Ios_V2/Pods-Sixdegrees_Ios_V2-resources.sh",
				"${PODS_ROOT}/GoogleSignIn/Resources/GoogleSignIn.bundle",
				"${PODS_ROOT}/TwitterKit/iOS/TwitterKit.framework/TwitterKitResources.bundle",
			);
			name = "[CP] Copy Pods Resources";
			outputFileListPaths = (
			);
			outputPaths = (
				"${TARGET_BUILD_DIR}/${UNLOCALIZED_RESOURCES_FOLDER_PATH}/GoogleSignIn.bundle",
				"${TARGET_BUILD_DIR}/${UNLOCALIZED_RESOURCES_FOLDER_PATH}/TwitterKitResources.bundle",
			);
			runOnlyForDeploymentPostprocessing = 0;
			shellPath = /bin/sh;
			shellScript = "\"${SRCROOT}/Pods/Target Support Files/Pods-Sixdegrees_Ios_V2/Pods-Sixdegrees_Ios_V2-resources.sh\"\n";
			showEnvVarsInLog = 0;
		};
		A8BF7D29A07E8FF276ED6303 /* [CP] Check Pods Manifest.lock */ = {
			isa = PBXShellScriptBuildPhase;
			buildActionMask = 2147483647;
			files = (
			);
			inputFileListPaths = (
			);
			inputPaths = (
				"${PODS_PODFILE_DIR_PATH}/Podfile.lock",
				"${PODS_ROOT}/Manifest.lock",
			);
			name = "[CP] Check Pods Manifest.lock";
			outputFileListPaths = (
			);
			outputPaths = (
				"$(DERIVED_FILE_DIR)/Pods-Sixdegrees_Ios_V2-checkManifestLockResult.txt",
			);
			runOnlyForDeploymentPostprocessing = 0;
			shellPath = /bin/sh;
			shellScript = "diff \"${PODS_PODFILE_DIR_PATH}/Podfile.lock\" \"${PODS_ROOT}/Manifest.lock\" > /dev/null\nif [ $? != 0 ] ; then\n    # print error to STDERR\n    echo \"error: The sandbox is not in sync with the Podfile.lock. Run 'pod install' or update your CocoaPods installation.\" >&2\n    exit 1\nfi\n# This output is used by Xcode 'outputs' to avoid re-running this script phase.\necho \"SUCCESS\" > \"${SCRIPT_OUTPUT_FILE_0}\"\n";
			showEnvVarsInLog = 0;
		};
/* End PBXShellScriptBuildPhase section */

/* Begin PBXSourcesBuildPhase section */
		4A2F6FE02194AA8C006F3509 /* Sources */ = {
			isa = PBXSourcesBuildPhase;
			buildActionMask = 2147483647;
			files = (
				1F4368D321B1459E0066A272 /* LikeCounts.swift in Sources */,
				1F4368C821B145940066A272 /* Article.swift in Sources */,
				1F4368C521B145940066A272 /* DonateDetail.swift in Sources */,
				1FCB2EF421ABF09C00C2CC69 /* RecommendTableViewVC.swift in Sources */,
				1F4368CB21B145940066A272 /* UserAvatar.swift in Sources */,
				1F00CA7C21B6854D00D31162 /* VideoViewControllerVC.swift in Sources */,
				1F4368C321B145940066A272 /* Comment.swift in Sources */,
				1F4368CD21B145940066A272 /* MyCategories.swift in Sources */,
				1F4368CC21B145940066A272 /* ArticleDetail.swift in Sources */,
				4A2F6FFA2194D21F006F3509 /* LocalData.swift in Sources */,
				1F4368E621B145BE0066A272 /* GetMyCategory.swift in Sources */,
				4ADFDAF021A0E22500181839 /* ConfigColor.swift in Sources */,
				1FCB2EF621ABF0EB00C2CC69 /* NewsHeaderTableViewCell.swift in Sources */,
				1F4A1F94219AFDEA00A642F2 /* RegisterVC.swift in Sources */,
				1F4368EB21B145BE0066A272 /* GetDatasource.swift in Sources */,
				4A2F6FEA2194AA8C006F3509 /* LanguageVC.swift in Sources */,
				1FF7EB242195B4F600777A1F /* LocalLoginVC.swift in Sources */,
				1F4368CF21B145940066A272 /* User.swift in Sources */,
				1F4368C221B145940066A272 /* Pagination.swift in Sources */,
				1F4368E821B145BE0066A272 /* GetAvatar.swift in Sources */,
				1F4368EC21B145BE0066A272 /* GetDonateDetail.swift in Sources */,
				1F4368F421B145BE0066A272 /* GetCommentAndArticle.swift in Sources */,
				1F4368C121B145940066A272 /* ModelConfig.swift in Sources */,
				1F5DDFF121955ED400E7221A /* BaseUiViewController.swift in Sources */,
				1F4368C621B145940066A272 /* MediaImage.swift in Sources */,
				1FD9577021A58D8D00AC9B3C /* LoginEvent.swift in Sources */,
				1F4368CE21B145940066A272 /* ErrorMessage.swift in Sources */,
				1F4368E721B145BE0066A272 /* GetStatus.swift in Sources */,
				1F4368F221B145BE0066A272 /* GetComments.swift in Sources */,
				1F4368EA21B145BE0066A272 /* GetError.swift in Sources */,
				1F4368D421B1459E0066A272 /* Category.swift in Sources */,
				1F4A1F92219ADBE900A642F2 /* ForgetPassword.swift in Sources */,
				1F4368E921B145BE0066A272 /* GetToken.swift in Sources */,
				1FF5F61821AE9F3C00BA681A /* NewsTableViewCell.swift in Sources */,
				4A2FA6BA21A0A5AB002701C0 /* ConfigUserDefaults.swift in Sources */,
				1FE5D2A121ABD53600765A09 /* MyTabVC.swift in Sources */,
				1F4368C721B145940066A272 /* ArticleDatasource.swift in Sources */,
				1FFEE0B221A50076001CEC25 /* LoadingVC.swift in Sources */,
				1F29377221B6725700CA7E40 /* VideoTableViewCell.swift in Sources */,
				1F7CD14B21B5066100600BF5 /* NewListEvent.swift in Sources */,
				1F4368CA21B145940066A272 /* Token.swift in Sources */,
				1F4368F521B145BE0066A272 /* GetCategoryList.swift in Sources */,
				1F5DDFEF2195494400E7221A /* LoginVC.swift in Sources */,
				4A2F6FE82194AA8C006F3509 /* AppDelegate.swift in Sources */,
				1F4368EE21B145BE0066A272 /* GetDatasourceList.swift in Sources */,
				1F7CD14921B501BB00600BF5 /* NewsListTableViewControllerVC.swift in Sources */,
				1F4368F021B145BE0066A272 /* GetAddStatus.swift in Sources */,
				1F4368C421B145940066A272 /* CommentAndArticle.swift in Sources */,
				1F4368F321B145BE0066A272 /* GetArticle.swift in Sources */,
				1F4368D021B145940066A272 /* Member.swift in Sources */,
				1F00B1BA21A3F4D70004FEC7 /* Callback.swift in Sources */,
				1F4368F121B145BE0066A272 /* GetMember.swift in Sources */,
				1F4368ED21B145BE0066A272 /* GetCategory.swift in Sources */,
				1F4368C921B145940066A272 /* ServerResponse.swift in Sources */,
				1FF5F61A21AEBFA500BA681A /* PopularTableViewControllerVC.swift in Sources */,
				1F8A6D3821A40264000F6D0B /* ApiService.swift in Sources */,
				1F4368EF21B145BE0066A272 /* GetArticleList.swift in Sources */,
			);
			runOnlyForDeploymentPostprocessing = 0;
		};
/* End PBXSourcesBuildPhase section */

/* Begin PBXVariantGroup section */
		4A2F6FEB2194AA8C006F3509 /* Main.storyboard */ = {
			isa = PBXVariantGroup;
			children = (
				4A2F6FEC2194AA8C006F3509 /* Base */,
			);
			name = Main.storyboard;
			sourceTree = "<group>";
		};
		4A2F6FF02194AA8D006F3509 /* LaunchScreen.storyboard */ = {
			isa = PBXVariantGroup;
			children = (
				4A2F6FF12194AA8D006F3509 /* Base */,
			);
			name = LaunchScreen.storyboard;
			sourceTree = "<group>";
		};
/* End PBXVariantGroup section */

/* Begin XCBuildConfiguration section */
		4A2F6FF42194AA8D006F3509 /* Debug */ = {
			isa = XCBuildConfiguration;
			buildSettings = {
				ALWAYS_SEARCH_USER_PATHS = NO;
				CLANG_ANALYZER_NONNULL = YES;
				CLANG_ANALYZER_NUMBER_OBJECT_CONVERSION = YES_AGGRESSIVE;
				CLANG_CXX_LANGUAGE_STANDARD = "gnu++14";
				CLANG_CXX_LIBRARY = "libc++";
				CLANG_ENABLE_MODULES = YES;
				CLANG_ENABLE_OBJC_ARC = YES;
				CLANG_ENABLE_OBJC_WEAK = YES;
				CLANG_WARN_BLOCK_CAPTURE_AUTORELEASING = YES;
				CLANG_WARN_BOOL_CONVERSION = YES;
				CLANG_WARN_COMMA = YES;
				CLANG_WARN_CONSTANT_CONVERSION = YES;
				CLANG_WARN_DEPRECATED_OBJC_IMPLEMENTATIONS = YES;
				CLANG_WARN_DIRECT_OBJC_ISA_USAGE = YES_ERROR;
				CLANG_WARN_DOCUMENTATION_COMMENTS = YES;
				CLANG_WARN_EMPTY_BODY = YES;
				CLANG_WARN_ENUM_CONVERSION = YES;
				CLANG_WARN_INFINITE_RECURSION = YES;
				CLANG_WARN_INT_CONVERSION = YES;
				CLANG_WARN_NON_LITERAL_NULL_CONVERSION = YES;
				CLANG_WARN_OBJC_IMPLICIT_RETAIN_SELF = YES;
				CLANG_WARN_OBJC_LITERAL_CONVERSION = YES;
				CLANG_WARN_OBJC_ROOT_CLASS = YES_ERROR;
				CLANG_WARN_RANGE_LOOP_ANALYSIS = YES;
				CLANG_WARN_STRICT_PROTOTYPES = YES;
				CLANG_WARN_SUSPICIOUS_MOVE = YES;
				CLANG_WARN_UNGUARDED_AVAILABILITY = YES_AGGRESSIVE;
				CLANG_WARN_UNREACHABLE_CODE = YES;
				CLANG_WARN__DUPLICATE_METHOD_MATCH = YES;
				CODE_SIGN_IDENTITY = "iPhone Developer";
				COPY_PHASE_STRIP = NO;
				DEBUG_INFORMATION_FORMAT = dwarf;
				ENABLE_STRICT_OBJC_MSGSEND = YES;
				ENABLE_TESTABILITY = YES;
				GCC_C_LANGUAGE_STANDARD = gnu11;
				GCC_DYNAMIC_NO_PIC = NO;
				GCC_NO_COMMON_BLOCKS = YES;
				GCC_OPTIMIZATION_LEVEL = 0;
				GCC_PREPROCESSOR_DEFINITIONS = (
					"DEBUG=1",
					"$(inherited)",
				);
				GCC_WARN_64_TO_32_BIT_CONVERSION = YES;
				GCC_WARN_ABOUT_RETURN_TYPE = YES_ERROR;
				GCC_WARN_UNDECLARED_SELECTOR = YES;
				GCC_WARN_UNINITIALIZED_AUTOS = YES_AGGRESSIVE;
				GCC_WARN_UNUSED_FUNCTION = YES;
				GCC_WARN_UNUSED_VARIABLE = YES;
				IPHONEOS_DEPLOYMENT_TARGET = 12.0;
				MTL_ENABLE_DEBUG_INFO = INCLUDE_SOURCE;
				MTL_FAST_MATH = YES;
				ONLY_ACTIVE_ARCH = YES;
				SDKROOT = iphoneos;
				SWIFT_ACTIVE_COMPILATION_CONDITIONS = DEBUG;
				SWIFT_OPTIMIZATION_LEVEL = "-Onone";
			};
			name = Debug;
		};
		4A2F6FF52194AA8D006F3509 /* Release */ = {
			isa = XCBuildConfiguration;
			buildSettings = {
				ALWAYS_SEARCH_USER_PATHS = NO;
				CLANG_ANALYZER_NONNULL = YES;
				CLANG_ANALYZER_NUMBER_OBJECT_CONVERSION = YES_AGGRESSIVE;
				CLANG_CXX_LANGUAGE_STANDARD = "gnu++14";
				CLANG_CXX_LIBRARY = "libc++";
				CLANG_ENABLE_MODULES = YES;
				CLANG_ENABLE_OBJC_ARC = YES;
				CLANG_ENABLE_OBJC_WEAK = YES;
				CLANG_WARN_BLOCK_CAPTURE_AUTORELEASING = YES;
				CLANG_WARN_BOOL_CONVERSION = YES;
				CLANG_WARN_COMMA = YES;
				CLANG_WARN_CONSTANT_CONVERSION = YES;
				CLANG_WARN_DEPRECATED_OBJC_IMPLEMENTATIONS = YES;
				CLANG_WARN_DIRECT_OBJC_ISA_USAGE = YES_ERROR;
				CLANG_WARN_DOCUMENTATION_COMMENTS = YES;
				CLANG_WARN_EMPTY_BODY = YES;
				CLANG_WARN_ENUM_CONVERSION = YES;
				CLANG_WARN_INFINITE_RECURSION = YES;
				CLANG_WARN_INT_CONVERSION = YES;
				CLANG_WARN_NON_LITERAL_NULL_CONVERSION = YES;
				CLANG_WARN_OBJC_IMPLICIT_RETAIN_SELF = YES;
				CLANG_WARN_OBJC_LITERAL_CONVERSION = YES;
				CLANG_WARN_OBJC_ROOT_CLASS = YES_ERROR;
				CLANG_WARN_RANGE_LOOP_ANALYSIS = YES;
				CLANG_WARN_STRICT_PROTOTYPES = YES;
				CLANG_WARN_SUSPICIOUS_MOVE = YES;
				CLANG_WARN_UNGUARDED_AVAILABILITY = YES_AGGRESSIVE;
				CLANG_WARN_UNREACHABLE_CODE = YES;
				CLANG_WARN__DUPLICATE_METHOD_MATCH = YES;
				CODE_SIGN_IDENTITY = "iPhone Developer";
				COPY_PHASE_STRIP = NO;
				DEBUG_INFORMATION_FORMAT = "dwarf-with-dsym";
				ENABLE_NS_ASSERTIONS = NO;
				ENABLE_STRICT_OBJC_MSGSEND = YES;
				GCC_C_LANGUAGE_STANDARD = gnu11;
				GCC_NO_COMMON_BLOCKS = YES;
				GCC_WARN_64_TO_32_BIT_CONVERSION = YES;
				GCC_WARN_ABOUT_RETURN_TYPE = YES_ERROR;
				GCC_WARN_UNDECLARED_SELECTOR = YES;
				GCC_WARN_UNINITIALIZED_AUTOS = YES_AGGRESSIVE;
				GCC_WARN_UNUSED_FUNCTION = YES;
				GCC_WARN_UNUSED_VARIABLE = YES;
				IPHONEOS_DEPLOYMENT_TARGET = 12.0;
				MTL_ENABLE_DEBUG_INFO = NO;
				MTL_FAST_MATH = YES;
				SDKROOT = iphoneos;
				SWIFT_COMPILATION_MODE = wholemodule;
				SWIFT_OPTIMIZATION_LEVEL = "-O";
				VALIDATE_PRODUCT = YES;
			};
			name = Release;
		};
		4A2F6FF72194AA8D006F3509 /* Debug */ = {
			isa = XCBuildConfiguration;
			baseConfigurationReference = DCBB64E3F2C38FCF9AC3FF41 /* Pods-Sixdegrees_Ios_V2.debug.xcconfig */;
			buildSettings = {
				ASSETCATALOG_COMPILER_APPICON_NAME = AppIcon;
				ASSETCATALOG_COMPILER_LAUNCHIMAGE_NAME = LaunchImage;
				CODE_SIGN_IDENTITY = "iPhone Developer";
				CODE_SIGN_STYLE = Automatic;
				DEVELOPMENT_TEAM = 73KS82VFJ6;
				INFOPLIST_FILE = Sixdegrees_Ios_V2/Info.plist;
				LD_RUNPATH_SEARCH_PATHS = (
					"$(inherited)",
					"@executable_path/Frameworks",
				);
				PRODUCT_BUNDLE_IDENTIFIER = io.sixdegrees.appk;
				PRODUCT_NAME = "$(TARGET_NAME)";
				PROVISIONING_PROFILE_SPECIFIER = "";
				SWIFT_VERSION = 4.2;
				TARGETED_DEVICE_FAMILY = "1,2";
			};
			name = Debug;
		};
		4A2F6FF82194AA8D006F3509 /* Release */ = {
			isa = XCBuildConfiguration;
			baseConfigurationReference = BCC73D56185C4FB19AA9C823 /* Pods-Sixdegrees_Ios_V2.release.xcconfig */;
			buildSettings = {
				ASSETCATALOG_COMPILER_APPICON_NAME = AppIcon;
				ASSETCATALOG_COMPILER_LAUNCHIMAGE_NAME = LaunchImage;
				CODE_SIGN_IDENTITY = "iPhone Developer";
				CODE_SIGN_STYLE = Automatic;
				DEVELOPMENT_TEAM = 73KS82VFJ6;
				INFOPLIST_FILE = Sixdegrees_Ios_V2/Info.plist;
				LD_RUNPATH_SEARCH_PATHS = (
					"$(inherited)",
					"@executable_path/Frameworks",
				);
				PRODUCT_BUNDLE_IDENTIFIER = io.sixdegrees.appk;
				PRODUCT_NAME = "$(TARGET_NAME)";
				PROVISIONING_PROFILE_SPECIFIER = "";
				SWIFT_VERSION = 4.2;
				TARGETED_DEVICE_FAMILY = "1,2";
			};
			name = Release;
		};
/* End XCBuildConfiguration section */

/* Begin XCConfigurationList section */
		4A2F6FDF2194AA8C006F3509 /* Build configuration list for PBXProject "Sixdegrees_Ios_V2" */ = {
			isa = XCConfigurationList;
			buildConfigurations = (
				4A2F6FF42194AA8D006F3509 /* Debug */,
				4A2F6FF52194AA8D006F3509 /* Release */,
			);
			defaultConfigurationIsVisible = 0;
			defaultConfigurationName = Release;
		};
		4A2F6FF62194AA8D006F3509 /* Build configuration list for PBXNativeTarget "Sixdegrees_Ios_V2" */ = {
			isa = XCConfigurationList;
			buildConfigurations = (
				4A2F6FF72194AA8D006F3509 /* Debug */,
				4A2F6FF82194AA8D006F3509 /* Release */,
			);
			defaultConfigurationIsVisible = 0;
			defaultConfigurationName = Release;
		};
/* End XCConfigurationList section */
	};
	rootObject = 4A2F6FDC2194AA8C006F3509 /* Project object */;
}
